// !$*UTF8*$!
{
	archiveVersion = 1;
	classes = {
	};
	objectVersion = 55;
	objects = {

/* Begin PBXBuildFile section */
		4FBF5BDA279A84770013AEC0 /* AppDelegate.swift in Sources */ = {isa = PBXBuildFile; fileRef = 4FBF5BD9279A84770013AEC0 /* AppDelegate.swift */; };
		4FBF5BDC279A84770013AEC0 /* SceneDelegate.swift in Sources */ = {isa = PBXBuildFile; fileRef = 4FBF5BDB279A84770013AEC0 /* SceneDelegate.swift */; };
		4FBF5BDE279A84770013AEC0 /* ViewController.swift in Sources */ = {isa = PBXBuildFile; fileRef = 4FBF5BDD279A84770013AEC0 /* ViewController.swift */; };
		4FBF5BE1279A84770013AEC0 /* Main.storyboard in Resources */ = {isa = PBXBuildFile; fileRef = 4FBF5BDF279A84770013AEC0 /* Main.storyboard */; };
		4FBF5BE3279A84780013AEC0 /* Assets.xcassets in Resources */ = {isa = PBXBuildFile; fileRef = 4FBF5BE2279A84780013AEC0 /* Assets.xcassets */; };
		4FBF5BE6279A84780013AEC0 /* LaunchScreen.storyboard in Resources */ = {isa = PBXBuildFile; fileRef = 4FBF5BE4279A84780013AEC0 /* LaunchScreen.storyboard */; };
		4FBF5BF1279A84780013AEC0 /* TestAppTests.swift in Sources */ = {isa = PBXBuildFile; fileRef = 4FBF5BF0279A84780013AEC0 /* TestAppTests.swift */; };
		4FBF5BFB279A84780013AEC0 /* TestAppUITests.swift in Sources */ = {isa = PBXBuildFile; fileRef = 4FBF5BFA279A84780013AEC0 /* TestAppUITests.swift */; };
		4FBF5BFD279A84780013AEC0 /* TestAppUITestsLaunchTests.swift in Sources */ = {isa = PBXBuildFile; fileRef = 4FBF5BFC279A84780013AEC0 /* TestAppUITestsLaunchTests.swift */; };
/* End PBXBuildFile section */

/* Begin PBXContainerItemProxy section */
		4FBF5BED279A84780013AEC0 /* PBXContainerItemProxy */ = {
			isa = PBXContainerItemProxy;
			containerPortal = 4FBF5BCE279A84770013AEC0 /* Project object */;
			proxyType = 1;
			remoteGlobalIDString = 4FBF5BD5279A84770013AEC0;
			remoteInfo = TestApp;
		};
		4FBF5BF7279A84780013AEC0 /* PBXContainerItemProxy */ = {
			isa = PBXContainerItemProxy;
			containerPortal = 4FBF5BCE279A84770013AEC0 /* Project object */;
			proxyType = 1;
			remoteGlobalIDString = 4FBF5BD5279A84770013AEC0;
			remoteInfo = TestApp;
		};
/* End PBXContainerItemProxy section */

/* Begin PBXFileReference section */
		4FBF5BD6279A84770013AEC0 /* TestApp.app */ = {isa = PBXFileReference; explicitFileType = wrapper.application; includeInIndex = 0; path = TestApp.app; sourceTree = BUILT_PRODUCTS_DIR; };
		4FBF5BD9279A84770013AEC0 /* AppDelegate.swift */ = {isa = PBXFileReference; lastKnownFileType = sourcecode.swift; path = AppDelegate.swift; sourceTree = "<group>"; };
		4FBF5BDB279A84770013AEC0 /* SceneDelegate.swift */ = {isa = PBXFileReference; lastKnownFileType = sourcecode.swift; path = SceneDelegate.swift; sourceTree = "<group>"; };
		4FBF5BDD279A84770013AEC0 /* ViewController.swift */ = {isa = PBXFileReference; lastKnownFileType = sourcecode.swift; path = ViewController.swift; sourceTree = "<group>"; };
		4FBF5BE0279A84770013AEC0 /* Base */ = {isa = PBXFileReference; lastKnownFileType = file.storyboard; name = Base; path = Base.lproj/Main.storyboard; sourceTree = "<group>"; };
		4FBF5BE2279A84780013AEC0 /* Assets.xcassets */ = {isa = PBXFileReference; lastKnownFileType = folder.assetcatalog; path = Assets.xcassets; sourceTree = "<group>"; };
		4FBF5BE5279A84780013AEC0 /* Base */ = {isa = PBXFileReference; lastKnownFileType = file.storyboard; name = Base; path = Base.lproj/LaunchScreen.storyboard; sourceTree = "<group>"; };
		4FBF5BE7279A84780013AEC0 /* Info.plist */ = {isa = PBXFileReference; lastKnownFileType = text.plist.xml; path = Info.plist; sourceTree = "<group>"; };
		4FBF5BEC279A84780013AEC0 /* TestAppTests.xctest */ = {isa = PBXFileReference; explicitFileType = wrapper.cfbundle; includeInIndex = 0; path = TestAppTests.xctest; sourceTree = BUILT_PRODUCTS_DIR; };
		4FBF5BF0279A84780013AEC0 /* TestAppTests.swift */ = {isa = PBXFileReference; lastKnownFileType = sourcecode.swift; path = TestAppTests.swift; sourceTree = "<group>"; };
		4FBF5BF6279A84780013AEC0 /* TestAppUITests.xctest */ = {isa = PBXFileReference; explicitFileType = wrapper.cfbundle; includeInIndex = 0; path = TestAppUITests.xctest; sourceTree = BUILT_PRODUCTS_DIR; };
		4FBF5BFA279A84780013AEC0 /* TestAppUITests.swift */ = {isa = PBXFileReference; lastKnownFileType = sourcecode.swift; path = TestAppUITests.swift; sourceTree = "<group>"; };
		4FBF5BFC279A84780013AEC0 /* TestAppUITestsLaunchTests.swift */ = {isa = PBXFileReference; lastKnownFileType = sourcecode.swift; path = TestAppUITestsLaunchTests.swift; sourceTree = "<group>"; };
/* End PBXFileReference section */

/* Begin PBXFrameworksBuildPhase section */
		4FBF5BD3279A84770013AEC0 /* Frameworks */ = {
			isa = PBXFrameworksBuildPhase;
			buildActionMask = 2147483647;
			files = (
			);
			runOnlyForDeploymentPostprocessing = 0;
		};
		4FBF5BE9279A84780013AEC0 /* Frameworks */ = {
			isa = PBXFrameworksBuildPhase;
			buildActionMask = 2147483647;
			files = (
			);
			runOnlyForDeploymentPostprocessing = 0;
		};
		4FBF5BF3279A84780013AEC0 /* Frameworks */ = {
			isa = PBXFrameworksBuildPhase;
			buildActionMask = 2147483647;
			files = (
			);
			runOnlyForDeploymentPostprocessing = 0;
		};
/* End PBXFrameworksBuildPhase section */

/* Begin PBXGroup section */
		4FBF5BCD279A84770013AEC0 = {
			isa = PBXGroup;
			children = (
				4FBF5BD8279A84770013AEC0 /* TestApp */,
				4FBF5BEF279A84780013AEC0 /* TestAppTests */,
				4FBF5BF9279A84780013AEC0 /* TestAppUITests */,
				4FBF5BD7279A84770013AEC0 /* Products */,
			);
			sourceTree = "<group>";
		};
		4FBF5BD7279A84770013AEC0 /* Products */ = {
			isa = PBXGroup;
			children = (
				4FBF5BD6279A84770013AEC0 /* TestApp.app */,
				4FBF5BEC279A84780013AEC0 /* TestAppTests.xctest */,
				4FBF5BF6279A84780013AEC0 /* TestAppUITests.xctest */,
			);
			name = Products;
			sourceTree = "<group>";
		};
		4FBF5BD8279A84770013AEC0 /* TestApp */ = {
			isa = PBXGroup;
			children = (
				4FBF5BD9279A84770013AEC0 /* AppDelegate.swift */,
				4FBF5BDB279A84770013AEC0 /* SceneDelegate.swift */,
				4FBF5BDD279A84770013AEC0 /* ViewController.swift */,
				4FBF5BDF279A84770013AEC0 /* Main.storyboard */,
				4FBF5BE2279A84780013AEC0 /* Assets.xcassets */,
				4FBF5BE4279A84780013AEC0 /* LaunchScreen.storyboard */,
				4FBF5BE7279A84780013AEC0 /* Info.plist */,
			);
			path = TestApp;
			sourceTree = "<group>";
		};
		4FBF5BEF279A84780013AEC0 /* TestAppTests */ = {
			isa = PBXGroup;
			children = (
				4FBF5BF0279A84780013AEC0 /* TestAppTests.swift */,
			);
			path = TestAppTests;
			sourceTree = "<group>";
		};
		4FBF5BF9279A84780013AEC0 /* TestAppUITests */ = {
			isa = PBXGroup;
			children = (
				4FBF5BFA279A84780013AEC0 /* TestAppUITests.swift */,
				4FBF5BFC279A84780013AEC0 /* TestAppUITestsLaunchTests.swift */,
			);
			path = TestAppUITests;
			sourceTree = "<group>";
		};
/* End PBXGroup section */

/* Begin PBXNativeTarget section */
		4FBF5BD5279A84770013AEC0 /* TestApp */ = {
			isa = PBXNativeTarget;
			buildConfigurationList = 4FBF5C00279A84780013AEC0 /* Build configuration list for PBXNativeTarget "TestApp" */;
			buildPhases = (
				4FBF5BD2279A84770013AEC0 /* Sources */,
				4FBF5BD3279A84770013AEC0 /* Frameworks */,
				4FBF5BD4279A84770013AEC0 /* Resources */,
			);
			buildRules = (
			);
			dependencies = (
			);
			name = TestApp;
			productName = TestApp;
			productReference = 4FBF5BD6279A84770013AEC0 /* TestApp.app */;
			productType = "com.apple.product-type.application";
		};
		4FBF5BEB279A84780013AEC0 /* TestAppTests */ = {
			isa = PBXNativeTarget;
			buildConfigurationList = 4FBF5C03279A84780013AEC0 /* Build configuration list for PBXNativeTarget "TestAppTests" */;
			buildPhases = (
				4FBF5BE8279A84780013AEC0 /* Sources */,
				4FBF5BE9279A84780013AEC0 /* Frameworks */,
				4FBF5BEA279A84780013AEC0 /* Resources */,
			);
			buildRules = (
			);
			dependencies = (
				4FBF5BEE279A84780013AEC0 /* PBXTargetDependency */,
			);
			name = TestAppTests;
			productName = TestAppTests;
			productReference = 4FBF5BEC279A84780013AEC0 /* TestAppTests.xctest */;
			productType = "com.apple.product-type.bundle.unit-test";
		};
		4FBF5BF5279A84780013AEC0 /* TestAppUITests */ = {
			isa = PBXNativeTarget;
			buildConfigurationList = 4FBF5C06279A84780013AEC0 /* Build configuration list for PBXNativeTarget "TestAppUITests" */;
			buildPhases = (
				4FBF5BF2279A84780013AEC0 /* Sources */,
				4FBF5BF3279A84780013AEC0 /* Frameworks */,
				4FBF5BF4279A84780013AEC0 /* Resources */,
			);
			buildRules = (
			);
			dependencies = (
				4FBF5BF8279A84780013AEC0 /* PBXTargetDependency */,
			);
			name = TestAppUITests;
			productName = TestAppUITests;
			productReference = 4FBF5BF6279A84780013AEC0 /* TestAppUITests.xctest */;
			productType = "com.apple.product-type.bundle.ui-testing";
		};
/* End PBXNativeTarget section */

/* Begin PBXProject section */
		4FBF5BCE279A84770013AEC0 /* Project object */ = {
			isa = PBXProject;
			attributes = {
				BuildIndependentTargetsInParallel = 1;
				LastSwiftUpdateCheck = 1310;
				LastUpgradeCheck = 1310;
				TargetAttributes = {
					4FBF5BD5279A84770013AEC0 = {
						CreatedOnToolsVersion = 13.1;
					};
					4FBF5BEB279A84780013AEC0 = {
						CreatedOnToolsVersion = 13.1;
						TestTargetID = 4FBF5BD5279A84770013AEC0;
					};
					4FBF5BF5279A84780013AEC0 = {
						CreatedOnToolsVersion = 13.1;
						TestTargetID = 4FBF5BD5279A84770013AEC0;
					};
				};
			};
			buildConfigurationList = 4FBF5BD1279A84770013AEC0 /* Build configuration list for PBXProject "TestApp" */;
			compatibilityVersion = "Xcode 13.0";
			developmentRegion = en;
			hasScannedForEncodings = 0;
			knownRegions = (
				en,
				Base,
			);
			mainGroup = 4FBF5BCD279A84770013AEC0;
			productRefGroup = 4FBF5BD7279A84770013AEC0 /* Products */;
			projectDirPath = "";
			projectRoot = "";
			targets = (
				4FBF5BD5279A84770013AEC0 /* TestApp */,
				4FBF5BEB279A84780013AEC0 /* TestAppTests */,
				4FBF5BF5279A84780013AEC0 /* TestAppUITests */,
			);
		};
/* End PBXProject section */

/* Begin PBXResourcesBuildPhase section */
		4FBF5BD4279A84770013AEC0 /* Resources */ = {
			isa = PBXResourcesBuildPhase;
			buildActionMask = 2147483647;
			files = (
				4FBF5BE6279A84780013AEC0 /* LaunchScreen.storyboard in Resources */,
				4FBF5BE3279A84780013AEC0 /* Assets.xcassets in Resources */,
				4FBF5BE1279A84770013AEC0 /* Main.storyboard in Resources */,
			);
			runOnlyForDeploymentPostprocessing = 0;
		};
		4FBF5BEA279A84780013AEC0 /* Resources */ = {
			isa = PBXResourcesBuildPhase;
			buildActionMask = 2147483647;
			files = (
			);
			runOnlyForDeploymentPostprocessing = 0;
		};
		4FBF5BF4279A84780013AEC0 /* Resources */ = {
			isa = PBXResourcesBuildPhase;
			buildActionMask = 2147483647;
			files = (
			);
			runOnlyForDeploymentPostprocessing = 0;
		};
/* End PBXResourcesBuildPhase section */

/* Begin PBXSourcesBuildPhase section */
		4FBF5BD2279A84770013AEC0 /* Sources */ = {
			isa = PBXSourcesBuildPhase;
			buildActionMask = 2147483647;
			files = (
				4FBF5BDE279A84770013AEC0 /* ViewController.swift in Sources */,
				4FBF5BDA279A84770013AEC0 /* AppDelegate.swift in Sources */,
				4FBF5BDC279A84770013AEC0 /* SceneDelegate.swift in Sources */,
			);
			runOnlyForDeploymentPostprocessing = 0;
		};
		4FBF5BE8279A84780013AEC0 /* Sources */ = {
			isa = PBXSourcesBuildPhase;
			buildActionMask = 2147483647;
			files = (
				4FBF5BF1279A84780013AEC0 /* TestAppTests.swift in Sources */,
			);
			runOnlyForDeploymentPostprocessing = 0;
		};
		4FBF5BF2279A84780013AEC0 /* Sources */ = {
			isa = PBXSourcesBuildPhase;
			buildActionMask = 2147483647;
			files = (
				4FBF5BFD279A84780013AEC0 /* TestAppUITestsLaunchTests.swift in Sources */,
				4FBF5BFB279A84780013AEC0 /* TestAppUITests.swift in Sources */,
			);
			runOnlyForDeploymentPostprocessing = 0;
		};
/* End PBXSourcesBuildPhase section */

/* Begin PBXTargetDependency section */
		4FBF5BEE279A84780013AEC0 /* PBXTargetDependency */ = {
			isa = PBXTargetDependency;
			target = 4FBF5BD5279A84770013AEC0 /* TestApp */;
			targetProxy = 4FBF5BED279A84780013AEC0 /* PBXContainerItemProxy */;
		};
		4FBF5BF8279A84780013AEC0 /* PBXTargetDependency */ = {
			isa = PBXTargetDependency;
			target = 4FBF5BD5279A84770013AEC0 /* TestApp */;
			targetProxy = 4FBF5BF7279A84780013AEC0 /* PBXContainerItemProxy */;
		};
/* End PBXTargetDependency section */

/* Begin PBXVariantGroup section */
		4FBF5BDF279A84770013AEC0 /* Main.storyboard */ = {
			isa = PBXVariantGroup;
			children = (
				4FBF5BE0279A84770013AEC0 /* Base */,
			);
			name = Main.storyboard;
			sourceTree = "<group>";
		};
		4FBF5BE4279A84780013AEC0 /* LaunchScreen.storyboard */ = {
			isa = PBXVariantGroup;
			children = (
				4FBF5BE5279A84780013AEC0 /* Base */,
			);
			name = LaunchScreen.storyboard;
			sourceTree = "<group>";
		};
/* End PBXVariantGroup section */

/* Begin XCBuildConfiguration section */
		4FBF5BFE279A84780013AEC0 /* Debug */ = {
			isa = XCBuildConfiguration;
			buildSettings = {
				ALWAYS_SEARCH_USER_PATHS = NO;
				CLANG_ANALYZER_NONNULL = YES;
				CLANG_ANALYZER_NUMBER_OBJECT_CONVERSION = YES_AGGRESSIVE;
				CLANG_CXX_LANGUAGE_STANDARD = "gnu++17";
				CLANG_CXX_LIBRARY = "libc++";
				CLANG_ENABLE_MODULES = YES;
				CLANG_ENABLE_OBJC_ARC = YES;
				CLANG_ENABLE_OBJC_WEAK = YES;
				CLANG_WARN_BLOCK_CAPTURE_AUTORELEASING = YES;
				CLANG_WARN_BOOL_CONVERSION = YES;
				CLANG_WARN_COMMA = YES;
				CLANG_WARN_CONSTANT_CONVERSION = YES;
				CLANG_WARN_DEPRECATED_OBJC_IMPLEMENTATIONS = YES;
				CLANG_WARN_DIRECT_OBJC_ISA_USAGE = YES_ERROR;
				CLANG_WARN_DOCUMENTATION_COMMENTS = YES;
				CLANG_WARN_EMPTY_BODY = YES;
				CLANG_WARN_ENUM_CONVERSION = YES;
				CLANG_WARN_INFINITE_RECURSION = YES;
				CLANG_WARN_INT_CONVERSION = YES;
				CLANG_WARN_NON_LITERAL_NULL_CONVERSION = YES;
				CLANG_WARN_OBJC_IMPLICIT_RETAIN_SELF = YES;
				CLANG_WARN_OBJC_LITERAL_CONVERSION = YES;
				CLANG_WARN_OBJC_ROOT_CLASS = YES_ERROR;
				CLANG_WARN_QUOTED_INCLUDE_IN_FRAMEWORK_HEADER = YES;
				CLANG_WARN_RANGE_LOOP_ANALYSIS = YES;
				CLANG_WARN_STRICT_PROTOTYPES = YES;
				CLANG_WARN_SUSPICIOUS_MOVE = YES;
				CLANG_WARN_UNGUARDED_AVAILABILITY = YES_AGGRESSIVE;
				CLANG_WARN_UNREACHABLE_CODE = YES;
				CLANG_WARN__DUPLICATE_METHOD_MATCH = YES;
				COPY_PHASE_STRIP = NO;
				DEBUG_INFORMATION_FORMAT = dwarf;
				ENABLE_STRICT_OBJC_MSGSEND = YES;
				ENABLE_TESTABILITY = YES;
				GCC_C_LANGUAGE_STANDARD = gnu11;
				GCC_DYNAMIC_NO_PIC = NO;
				GCC_NO_COMMON_BLOCKS = YES;
				GCC_OPTIMIZATION_LEVEL = 0;
				GCC_PREPROCESSOR_DEFINITIONS = (
					"DEBUG=1",
					"$(inherited)",
				);
				GCC_WARN_64_TO_32_BIT_CONVERSION = YES;
				GCC_WARN_ABOUT_RETURN_TYPE = YES_ERROR;
				GCC_WARN_UNDECLARED_SELECTOR = YES;
				GCC_WARN_UNINITIALIZED_AUTOS = YES_AGGRESSIVE;
				GCC_WARN_UNUSED_FUNCTION = YES;
				GCC_WARN_UNUSED_VARIABLE = YES;
				IPHONEOS_DEPLOYMENT_TARGET = 15.0;
				MTL_ENABLE_DEBUG_INFO = INCLUDE_SOURCE;
				MTL_FAST_MATH = YES;
				ONLY_ACTIVE_ARCH = YES;
				SDKROOT = iphoneos;
				SWIFT_ACTIVE_COMPILATION_CONDITIONS = DEBUG;
				SWIFT_OPTIMIZATION_LEVEL = "-Onone";
			};
			name = Debug;
		};
		4FBF5BFF279A84780013AEC0 /* Release */ = {
			isa = XCBuildConfiguration;
			buildSettings = {
				ALWAYS_SEARCH_USER_PATHS = NO;
				CLANG_ANALYZER_NONNULL = YES;
				CLANG_ANALYZER_NUMBER_OBJECT_CONVERSION = YES_AGGRESSIVE;
				CLANG_CXX_LANGUAGE_STANDARD = "gnu++17";
				CLANG_CXX_LIBRARY = "libc++";
				CLANG_ENABLE_MODULES = YES;
				CLANG_ENABLE_OBJC_ARC = YES;
				CLANG_ENABLE_OBJC_WEAK = YES;
				CLANG_WARN_BLOCK_CAPTURE_AUTORELEASING = YES;
				CLANG_WARN_BOOL_CONVERSION = YES;
				CLANG_WARN_COMMA = YES;
				CLANG_WARN_CONSTANT_CONVERSION = YES;
				CLANG_WARN_DEPRECATED_OBJC_IMPLEMENTATIONS = YES;
				CLANG_WARN_DIRECT_OBJC_ISA_USAGE = YES_ERROR;
				CLANG_WARN_DOCUMENTATION_COMMENTS = YES;
				CLANG_WARN_EMPTY_BODY = YES;
				CLANG_WARN_ENUM_CONVERSION = YES;
				CLANG_WARN_INFINITE_RECURSION = YES;
				CLANG_WARN_INT_CONVERSION = YES;
				CLANG_WARN_NON_LITERAL_NULL_CONVERSION = YES;
				CLANG_WARN_OBJC_IMPLICIT_RETAIN_SELF = YES;
				CLANG_WARN_OBJC_LITERAL_CONVERSION = YES;
				CLANG_WARN_OBJC_ROOT_CLASS = YES_ERROR;
				CLANG_WARN_QUOTED_INCLUDE_IN_FRAMEWORK_HEADER = YES;
				CLANG_WARN_RANGE_LOOP_ANALYSIS = YES;
				CLANG_WARN_STRICT_PROTOTYPES = YES;
				CLANG_WARN_SUSPICIOUS_MOVE = YES;
				CLANG_WARN_UNGUARDED_AVAILABILITY = YES_AGGRESSIVE;
				CLANG_WARN_UNREACHABLE_CODE = YES;
				CLANG_WARN__DUPLICATE_METHOD_MATCH = YES;
				COPY_PHASE_STRIP = NO;
				DEBUG_INFORMATION_FORMAT = "dwarf-with-dsym";
				ENABLE_NS_ASSERTIONS = NO;
				ENABLE_STRICT_OBJC_MSGSEND = YES;
				GCC_C_LANGUAGE_STANDARD = gnu11;
				GCC_NO_COMMON_BLOCKS = YES;
				GCC_WARN_64_TO_32_BIT_CONVERSION = YES;
				GCC_WARN_ABOUT_RETURN_TYPE = YES_ERROR;
				GCC_WARN_UNDECLARED_SELECTOR = YES;
				GCC_WARN_UNINITIALIZED_AUTOS = YES_AGGRESSIVE;
				GCC_WARN_UNUSED_FUNCTION = YES;
				GCC_WARN_UNUSED_VARIABLE = YES;
				IPHONEOS_DEPLOYMENT_TARGET = 15.0;
				MTL_ENABLE_DEBUG_INFO = NO;
				MTL_FAST_MATH = YES;
				SDKROOT = iphoneos;
				SWIFT_COMPILATION_MODE = wholemodule;
				SWIFT_OPTIMIZATION_LEVEL = "-O";
				VALIDATE_PRODUCT = YES;
			};
			name = Release;
		};
		4FBF5C01279A84780013AEC0 /* Debug */ = {
			isa = XCBuildConfiguration;
			buildSettings = {
				ASSETCATALOG_COMPILER_APPICON_NAME = AppIcon;
				ASSETCATALOG_COMPILER_GLOBAL_ACCENT_COLOR_NAME = AccentColor;
				CODE_SIGN_STYLE = Automatic;
				CURRENT_PROJECT_VERSION = 1;
				GENERATE_INFOPLIST_FILE = YES;
				INFOPLIST_FILE = TestApp/Info.plist;
				INFOPLIST_KEY_UIApplicationSupportsIndirectInputEvents = YES;
				INFOPLIST_KEY_UILaunchStoryboardName = LaunchScreen;
				INFOPLIST_KEY_UIMainStoryboardFile = Main;
				INFOPLIST_KEY_UISupportedInterfaceOrientations_iPad = "UIInterfaceOrientationPortrait UIInterfaceOrientationPortraitUpsideDown UIInterfaceOrientationLandscapeLeft UIInterfaceOrientationLandscapeRight";
				INFOPLIST_KEY_UISupportedInterfaceOrientations_iPhone = "UIInterfaceOrientationPortrait UIInterfaceOrientationLandscapeLeft UIInterfaceOrientationLandscapeRight";
				LD_RUNPATH_SEARCH_PATHS = (
					"$(inherited)",
					"@executable_path/Frameworks",
				);
				MARKETING_VERSION = 1.0;
				PRODUCT_BUNDLE_IDENTIFIER = umarfarooq.TestApp;
				PRODUCT_NAME = "$(TARGET_NAME)";
				SWIFT_EMIT_LOC_STRINGS = YES;
				SWIFT_VERSION = 5.0;
				TARGETED_DEVICE_FAMILY = "1,2";
			};
			name = Debug;
		};
		4FBF5C02279A84780013AEC0 /* Release */ = {
			isa = XCBuildConfiguration;
			buildSettings = {
				ASSETCATALOG_COMPILER_APPICON_NAME = AppIcon;
				ASSETCATALOG_COMPILER_GLOBAL_ACCENT_COLOR_NAME = AccentColor;
				CODE_SIGN_STYLE = Automatic;
				CURRENT_PROJECT_VERSION = 1;
				GENERATE_INFOPLIST_FILE = YES;
				INFOPLIST_FILE = TestApp/Info.plist;
				INFOPLIST_KEY_UIApplicationSupportsIndirectInputEvents = YES;
				INFOPLIST_KEY_UILaunchStoryboardName = LaunchScreen;
				INFOPLIST_KEY_UIMainStoryboardFile = Main;
				INFOPLIST_KEY_UISupportedInterfaceOrientations_iPad = "UIInterfaceOrientationPortrait UIInterfaceOrientationPortraitUpsideDown UIInterfaceOrientationLandscapeLeft UIInterfaceOrientationLandscapeRight";
				INFOPLIST_KEY_UISupportedInterfaceOrientations_iPhone = "UIInterfaceOrientationPortrait UIInterfaceOrientationLandscapeLeft UIInterfaceOrientationLandscapeRight";
				LD_RUNPATH_SEARCH_PATHS = (
					"$(inherited)",
					"@executable_path/Frameworks",
				);
				MARKETING_VERSION = 1.0;
				PRODUCT_BUNDLE_IDENTIFIER = umarfarooq.TestApp;
				PRODUCT_NAME = "$(TARGET_NAME)";
				SWIFT_EMIT_LOC_STRINGS = YES;
				SWIFT_VERSION = 5.0;
				TARGETED_DEVICE_FAMILY = "1,2";
			};
			name = Release;
		};
		4FBF5C04279A84780013AEC0 /* Debug */ = {
			isa = XCBuildConfiguration;
			buildSettings = {
				ALWAYS_EMBED_SWIFT_STANDARD_LIBRARIES = YES;
				BUNDLE_LOADER = "$(TEST_HOST)";
				CODE_SIGN_STYLE = Automatic;
				CURRENT_PROJECT_VERSION = 1;
				GENERATE_INFOPLIST_FILE = YES;
				IPHONEOS_DEPLOYMENT_TARGET = 15.0;
				LD_RUNPATH_SEARCH_PATHS = (
					"$(inherited)",
					"@executable_path/Frameworks",
					"@loader_path/Frameworks",
				);
				MARKETING_VERSION = 1.0;
				PRODUCT_BUNDLE_IDENTIFIER = umarfarooq.TestAppTests;
				PRODUCT_NAME = "$(TARGET_NAME)";
				SWIFT_EMIT_LOC_STRINGS = NO;
				SWIFT_VERSION = 5.0;
				TARGETED_DEVICE_FAMILY = "1,2";
				TEST_HOST = "$(BUILT_PRODUCTS_DIR)/TestApp.app/TestApp";
			};
			name = Debug;
		};
		4FBF5C05279A84780013AEC0 /* Release */ = {
			isa = XCBuildConfiguration;
			buildSettings = {
				ALWAYS_EMBED_SWIFT_STANDARD_LIBRARIES = YES;
				BUNDLE_LOADER = "$(TEST_HOST)";
				CODE_SIGN_STYLE = Automatic;
				CURRENT_PROJECT_VERSION = 1;
				GENERATE_INFOPLIST_FILE = YES;
				IPHONEOS_DEPLOYMENT_TARGET = 15.0;
				LD_RUNPATH_SEARCH_PATHS = (
					"$(inherited)",
					"@executable_path/Frameworks",
					"@loader_path/Frameworks",
				);
				MARKETING_VERSION = 1.0;
				PRODUCT_BUNDLE_IDENTIFIER = umarfarooq.TestAppTests;
				PRODUCT_NAME = "$(TARGET_NAME)";
				SWIFT_EMIT_LOC_STRINGS = NO;
				SWIFT_VERSION = 5.0;
				TARGETED_DEVICE_FAMILY = "1,2";
				TEST_HOST = "$(BUILT_PRODUCTS_DIR)/TestApp.app/TestApp";
			};
			name = Release;
		};
		4FBF5C07279A84780013AEC0 /* Debug */ = {
			isa = XCBuildConfiguration;
			buildSettings = {
				ALWAYS_EMBED_SWIFT_STANDARD_LIBRARIES = YES;
				CODE_SIGN_STYLE = Automatic;
				CURRENT_PROJECT_VERSION = 1;
				GENERATE_INFOPLIST_FILE = YES;
				LD_RUNPATH_SEARCH_PATHS = (
					"$(inherited)",
					"@executable_path/Frameworks",
					"@loader_path/Frameworks",
				);
				MARKETING_VERSION = 1.0;
				PRODUCT_BUNDLE_IDENTIFIER = umarfarooq.TestAppUITests;
				PRODUCT_NAME = "$(TARGET_NAME)";
				SWIFT_EMIT_LOC_STRINGS = NO;
				SWIFT_VERSION = 5.0;
				TARGETED_DEVICE_FAMILY = "1,2";
				TEST_TARGET_NAME = TestApp;
			};
			name = Debug;
		};
		4FBF5C08279A84780013AEC0 /* Release */ = {
			isa = XCBuildConfiguration;
			buildSettings = {
				ALWAYS_EMBED_SWIFT_STANDARD_LIBRARIES = YES;
				CODE_SIGN_STYLE = Automatic;
				CURRENT_PROJECT_VERSION = 1;
				GENERATE_INFOPLIST_FILE = YES;
				LD_RUNPATH_SEARCH_PATHS = (
					"$(inherited)",
					"@executable_path/Frameworks",
					"@loader_path/Frameworks",
				);
				MARKETING_VERSION = 1.0;
				PRODUCT_BUNDLE_IDENTIFIER = umarfarooq.TestAppUITests;
				PRODUCT_NAME = "$(TARGET_NAME)";
				SWIFT_EMIT_LOC_STRINGS = NO;
				SWIFT_VERSION = 5.0;
				TARGETED_DEVICE_FAMILY = "1,2";
				TEST_TARGET_NAME = TestApp;
			};
			name = Release;
		};
/* End XCBuildConfiguration section */

/* Begin XCConfigurationList section */
		4FBF5BD1279A84770013AEC0 /* Build configuration list for PBXProject "TestApp" */ = {
			isa = XCConfigurationList;
			buildConfigurations = (
				4FBF5BFE279A84780013AEC0 /* Debug */,
				4FBF5BFF279A84780013AEC0 /* Release */,
			);
			defaultConfigurationIsVisible = 0;
			defaultConfigurationName = Release;
		};
		4FBF5C00279A84780013AEC0 /* Build configuration list for PBXNativeTarget "TestApp" */ = {
			isa = XCConfigurationList;
			buildConfigurations = (
				4FBF5C01279A84780013AEC0 /* Debug */,
				4FBF5C02279A84780013AEC0 /* Release */,
			);
			defaultConfigurationIsVisible = 0;
			defaultConfigurationName = Release;
		};
		4FBF5C03279A84780013AEC0 /* Build configuration list for PBXNativeTarget "TestAppTests" */ = {
			isa = XCConfigurationList;
			buildConfigurations = (
				4FBF5C04279A84780013AEC0 /* Debug */,
				4FBF5C05279A84780013AEC0 /* Release */,
			);
			defaultConfigurationIsVisible = 0;
			defaultConfigurationName = Release;
		};
		4FBF5C06279A84780013AEC0 /* Build configuration list for PBXNativeTarget "TestAppUITests" */ = {
			isa = XCConfigurationList;
			buildConfigurations = (
				4FBF5C07279A84780013AEC0 /* Debug */,
				4FBF5C08279A84780013AEC0 /* Release */,
			);
			defaultConfigurationIsVisible = 0;
			defaultConfigurationName = Release;
		};
/* End XCConfigurationList section */
	};
	rootObject = 4FBF5BCE279A84770013AEC0 /* Project object */;
}
